
Microsoft Visual Studio Solution File, Format Version 12.00
# Visual Studio Version 17
VisualStudioVersion = 17.8.34309.116
MinimumVisualStudioVersion = 10.0.40219.1
Project("{FAE04EC0-301F-11D3-BF4B-00C04F79EFBC}") = "ColorDialog", "ColorDialog\ColorDialog.csproj", "{1D6F844D-758F-4131-8DBE-FEB315540F0B}"
EndProject
Global
	GlobalSection(SolutionConfigurationPlatforms) = preSolution
		Debug|Any CPU = Debug|Any CPU
		Release|Any CPU = Release|Any CPU
	EndGlobalSection
	GlobalSection(ProjectConfigurationPlatforms) = postSolution
		{1D6F844D-758F-4131-8DBE-FEB315540F0B}.Debug|Any CPU.ActiveCfg = Debug|Any CPU
		{1D6F844D-758F-4131-8DBE-FEB315540F0B}.Debug|Any CPU.Build.0 = Debug|Any CPU
		{1D6F844D-758F-4131-8DBE-FEB315540F0B}.Release|Any CPU.ActiveCfg = Release|Any CPU
		{1D6F844D-758F-4131-8DBE-FEB315540F0B}.Release|Any CPU.Build.0 = Release|Any CPU
	EndGlobalSection
	GlobalSection(SolutionProperties) = preSolution
		HideSolutionNode = FALSE
	EndGlobalSection
	GlobalSection(ExtensibilityGlobals) = postSolution
		SolutionGuid = {5928D709-EFAF-414E-A4CA-9D72D05D958B}
	EndGlobalSection
EndGlobal
